// !$*UTF8*$!
{
	archiveVersion = 1;
	classes = {
	};
	objectVersion = 46;
	objects = {

/* Begin PBXBuildFile section */
		01B451FD1EB1DD7100061B56 /* AppDelegate.swift in Sources */ = {isa = PBXBuildFile; fileRef = 01B451FC1EB1DD7100061B56 /* AppDelegate.swift */; };
		01B451FF1EB1DD7100061B56 /* LoginViewController.swift in Sources */ = {isa = PBXBuildFile; fileRef = 01B451FE1EB1DD7100061B56 /* LoginViewController.swift */; };
		01B452021EB1DD7100061B56 /* Main.storyboard in Resources */ = {isa = PBXBuildFile; fileRef = 01B452001EB1DD7100061B56 /* Main.storyboard */; };
		01B452041EB1DD7100061B56 /* Assets.xcassets in Resources */ = {isa = PBXBuildFile; fileRef = 01B452031EB1DD7100061B56 /* Assets.xcassets */; };
		01B452071EB1DD7100061B56 /* LaunchScreen.storyboard in Resources */ = {isa = PBXBuildFile; fileRef = 01B452051EB1DD7100061B56 /* LaunchScreen.storyboard */; };
		6D148A9CF7E49896DCC9C6B7 /* Pods_SocialLogin.framework in Frameworks */ = {isa = PBXBuildFile; fileRef = B3CE3167B0688BB6681C770A /* Pods_SocialLogin.framework */; };
/* End PBXBuildFile section */

/* Begin PBXFileReference section */
		01B451F91EB1DD7100061B56 /* SocialLogin.app */ = {isa = PBXFileReference; explicitFileType = wrapper.application; includeInIndex = 0; path = SocialLogin.app; sourceTree = BUILT_PRODUCTS_DIR; };
		01B451FC1EB1DD7100061B56 /* AppDelegate.swift */ = {isa = PBXFileReference; lastKnownFileType = sourcecode.swift; path = AppDelegate.swift; sourceTree = "<group>"; };
		01B451FE1EB1DD7100061B56 /* LoginViewController.swift */ = {isa = PBXFileReference; lastKnownFileType = sourcecode.swift; path = LoginViewController.swift; sourceTree = "<group>"; };
		01B452011EB1DD7100061B56 /* Base */ = {isa = PBXFileReference; lastKnownFileType = file.storyboard; name = Base; path = Base.lproj/Main.storyboard; sourceTree = "<group>"; };
		01B452031EB1DD7100061B56 /* Assets.xcassets */ = {isa = PBXFileReference; lastKnownFileType = folder.assetcatalog; path = Assets.xcassets; sourceTree = "<group>"; };
		01B452061EB1DD7100061B56 /* Base */ = {isa = PBXFileReference; lastKnownFileType = file.storyboard; name = Base; path = Base.lproj/LaunchScreen.storyboard; sourceTree = "<group>"; };
		01B452081EB1DD7100061B56 /* Info.plist */ = {isa = PBXFileReference; lastKnownFileType = text.plist.xml; path = Info.plist; sourceTree = "<group>"; };
		B3CE3167B0688BB6681C770A /* Pods_SocialLogin.framework */ = {isa = PBXFileReference; explicitFileType = wrapper.framework; includeInIndex = 0; path = Pods_SocialLogin.framework; sourceTree = BUILT_PRODUCTS_DIR; };
		F3966DCAFD8BC3EBBD95ABA1 /* Pods-SocialLogin.release.xcconfig */ = {isa = PBXFileReference; includeInIndex = 1; lastKnownFileType = text.xcconfig; name = "Pods-SocialLogin.release.xcconfig"; path = "Pods/Target Support Files/Pods-SocialLogin/Pods-SocialLogin.release.xcconfig"; sourceTree = "<group>"; };
		FB630F67080FAF7FACAF6218 /* Pods-SocialLogin.debug.xcconfig */ = {isa = PBXFileReference; includeInIndex = 1; lastKnownFileType = text.xcconfig; name = "Pods-SocialLogin.debug.xcconfig"; path = "Pods/Target Support Files/Pods-SocialLogin/Pods-SocialLogin.debug.xcconfig"; sourceTree = "<group>"; };
/* End PBXFileReference section */

/* Begin PBXFrameworksBuildPhase section */
		01B451F61EB1DD7100061B56 /* Frameworks */ = {
			isa = PBXFrameworksBuildPhase;
			buildActionMask = 2147483647;
			files = (
				6D148A9CF7E49896DCC9C6B7 /* Pods_SocialLogin.framework in Frameworks */,
			);
			runOnlyForDeploymentPostprocessing = 0;
		};
/* End PBXFrameworksBuildPhase section */

/* Begin PBXGroup section */
		01B451F01EB1DD7100061B56 = {
			isa = PBXGroup;
			children = (
				01B451FB1EB1DD7100061B56 /* SocialLogin */,
				01B451FA1EB1DD7100061B56 /* Products */,
				AF555CD8D3B57283737096A7 /* Pods */,
				5B39F84DCE98EF35CFFB5AD2 /* Frameworks */,
			);
			sourceTree = "<group>";
		};
		01B451FA1EB1DD7100061B56 /* Products */ = {
			isa = PBXGroup;
			children = (
				01B451F91EB1DD7100061B56 /* SocialLogin.app */,
			);
			name = Products;
			sourceTree = "<group>";
		};
		01B451FB1EB1DD7100061B56 /* SocialLogin */ = {
			isa = PBXGroup;
			children = (
				01B451FC1EB1DD7100061B56 /* AppDelegate.swift */,
				01B451FE1EB1DD7100061B56 /* LoginViewController.swift */,
				01B452001EB1DD7100061B56 /* Main.storyboard */,
				01B452031EB1DD7100061B56 /* Assets.xcassets */,
				01B452051EB1DD7100061B56 /* LaunchScreen.storyboard */,
				01B452081EB1DD7100061B56 /* Info.plist */,
			);
			path = SocialLogin;
			sourceTree = "<group>";
		};
		5B39F84DCE98EF35CFFB5AD2 /* Frameworks */ = {
			isa = PBXGroup;
			children = (
				B3CE3167B0688BB6681C770A /* Pods_SocialLogin.framework */,
			);
			name = Frameworks;
			sourceTree = "<group>";
		};
		AF555CD8D3B57283737096A7 /* Pods */ = {
			isa = PBXGroup;
			children = (
				FB630F67080FAF7FACAF6218 /* Pods-SocialLogin.debug.xcconfig */,
				F3966DCAFD8BC3EBBD95ABA1 /* Pods-SocialLogin.release.xcconfig */,
			);
			name = Pods;
			sourceTree = "<group>";
		};
/* End PBXGroup section */

/* Begin PBXNativeTarget section */
		01B451F81EB1DD7100061B56 /* SocialLogin */ = {
			isa = PBXNativeTarget;
			buildConfigurationList = 01B4520B1EB1DD7100061B56 /* Build configuration list for PBXNativeTarget "SocialLogin" */;
			buildPhases = (
				886E4230509655759DB9ADDC /* [CP] Check Pods Manifest.lock */,
				01B451F51EB1DD7100061B56 /* Sources */,
				01B451F61EB1DD7100061B56 /* Frameworks */,
				01B451F71EB1DD7100061B56 /* Resources */,
				805DA1B5C79E68797AAA509B /* [CP] Embed Pods Frameworks */,
				6BC4C4667F4AA121D365DCEF /* [CP] Copy Pods Resources */,
			);
			buildRules = (
			);
			dependencies = (
			);
			name = SocialLogin;
			productName = SocialLogin;
			productReference = 01B451F91EB1DD7100061B56 /* SocialLogin.app */;
			productType = "com.apple.product-type.application";
		};
/* End PBXNativeTarget section */

/* Begin PBXProject section */
		01B451F11EB1DD7100061B56 /* Project object */ = {
			isa = PBXProject;
			attributes = {
				LastSwiftUpdateCheck = 0830;
				LastUpgradeCheck = 0830;
				ORGANIZATIONNAME = bertug;
				TargetAttributes = {
					01B451F81EB1DD7100061B56 = {
						CreatedOnToolsVersion = 8.3.2;
						DevelopmentTeam = 37V52RJ6S5;
						ProvisioningStyle = Automatic;
					};
				};
			};
			buildConfigurationList = 01B451F41EB1DD7100061B56 /* Build configuration list for PBXProject "SocialLogin" */;
			compatibilityVersion = "Xcode 3.2";
			developmentRegion = English;
			hasScannedForEncodings = 0;
			knownRegions = (
				en,
				Base,
			);
			mainGroup = 01B451F01EB1DD7100061B56;
			productRefGroup = 01B451FA1EB1DD7100061B56 /* Products */;
			projectDirPath = "";
			projectRoot = "";
			targets = (
				01B451F81EB1DD7100061B56 /* SocialLogin */,
			);
		};
/* End PBXProject section */

/* Begin PBXResourcesBuildPhase section */
		01B451F71EB1DD7100061B56 /* Resources */ = {
			isa = PBXResourcesBuildPhase;
			buildActionMask = 2147483647;
			files = (
				01B452071EB1DD7100061B56 /* LaunchScreen.storyboard in Resources */,
				01B452041EB1DD7100061B56 /* Assets.xcassets in Resources */,
				01B452021EB1DD7100061B56 /* Main.storyboard in Resources */,
			);
			runOnlyForDeploymentPostprocessing = 0;
		};
/* End PBXResourcesBuildPhase section */

/* Begin PBXShellScriptBuildPhase section */
		6BC4C4667F4AA121D365DCEF /* [CP] Copy Pods Resources */ = {
			isa = PBXShellScriptBuildPhase;
			buildActionMask = 2147483647;
			files = (
			);
			inputPaths = (
			);
			name = "[CP] Copy Pods Resources";
			outputPaths = (
			);
			runOnlyForDeploymentPostprocessing = 0;
			shellPath = /bin/sh;
			shellScript = "\"${SRCROOT}/Pods/Target Support Files/Pods-SocialLogin/Pods-SocialLogin-resources.sh\"\n";
			showEnvVarsInLog = 0;
		};
		805DA1B5C79E68797AAA509B /* [CP] Embed Pods Frameworks */ = {
			isa = PBXShellScriptBuildPhase;
			buildActionMask = 2147483647;
			files = (
			);
			inputPaths = (
			);
			name = "[CP] Embed Pods Frameworks";
			outputPaths = (
			);
			runOnlyForDeploymentPostprocessing = 0;
			shellPath = /bin/sh;
			shellScript = "\"${SRCROOT}/Pods/Target Support Files/Pods-SocialLogin/Pods-SocialLogin-frameworks.sh\"\n";
			showEnvVarsInLog = 0;
		};
		886E4230509655759DB9ADDC /* [CP] Check Pods Manifest.lock */ = {
			isa = PBXShellScriptBuildPhase;
			buildActionMask = 2147483647;
			files = (
			);
			inputPaths = (
			);
			name = "[CP] Check Pods Manifest.lock";
			outputPaths = (
			);
			runOnlyForDeploymentPostprocessing = 0;
			shellPath = /bin/sh;
			shellScript = "diff \"${PODS_ROOT}/../Podfile.lock\" \"${PODS_ROOT}/Manifest.lock\" > /dev/null\nif [ $? != 0 ] ; then\n    # print error to STDERR\n    echo \"error: The sandbox is not in sync with the Podfile.lock. Run 'pod install' or update your CocoaPods installation.\" >&2\n    exit 1\nfi\n";
			showEnvVarsInLog = 0;
		};
/* End PBXShellScriptBuildPhase section */

/* Begin PBXSourcesBuildPhase section */
		01B451F51EB1DD7100061B56 /* Sources */ = {
			isa = PBXSourcesBuildPhase;
			buildActionMask = 2147483647;
			files = (
				01B451FF1EB1DD7100061B56 /* LoginViewController.swift in Sources */,
				01B451FD1EB1DD7100061B56 /* AppDelegate.swift in Sources */,
			);
			runOnlyForDeploymentPostprocessing = 0;
		};
/* End PBXSourcesBuildPhase section */

/* Begin PBXVariantGroup section */
		01B452001EB1DD7100061B56 /* Main.storyboard */ = {
			isa = PBXVariantGroup;
			children = (
				01B452011EB1DD7100061B56 /* Base */,
			);
			name = Main.storyboard;
			sourceTree = "<group>";
		};
		01B452051EB1DD7100061B56 /* LaunchScreen.storyboard */ = {
			isa = PBXVariantGroup;
			children = (
				01B452061EB1DD7100061B56 /* Base */,
			);
			name = LaunchScreen.storyboard;
			sourceTree = "<group>";
		};
/* End PBXVariantGroup section */

/* Begin XCBuildConfiguration section */
		01B452091EB1DD7100061B56 /* Debug */ = {
			isa = XCBuildConfiguration;
			buildSettings = {
				ALWAYS_SEARCH_USER_PATHS = NO;
				CLANG_ANALYZER_NONNULL = YES;
				CLANG_ANALYZER_NUMBER_OBJECT_CONVERSION = YES_AGGRESSIVE;
				CLANG_CXX_LANGUAGE_STANDARD = "gnu++0x";
				CLANG_CXX_LIBRARY = "libc++";
				CLANG_ENABLE_MODULES = YES;
				CLANG_ENABLE_OBJC_ARC = YES;
				CLANG_WARN_BOOL_CONVERSION = YES;
				CLANG_WARN_CONSTANT_CONVERSION = YES;
				CLANG_WARN_DIRECT_OBJC_ISA_USAGE = YES_ERROR;
				CLANG_WARN_DOCUMENTATION_COMMENTS = YES;
				CLANG_WARN_EMPTY_BODY = YES;
				CLANG_WARN_ENUM_CONVERSION = YES;
				CLANG_WARN_INFINITE_RECURSION = YES;
				CLANG_WARN_INT_CONVERSION = YES;
				CLANG_WARN_OBJC_ROOT_CLASS = YES_ERROR;
				CLANG_WARN_SUSPICIOUS_MOVE = YES;
				CLANG_WARN_UNREACHABLE_CODE = YES;
				CLANG_WARN__DUPLICATE_METHOD_MATCH = YES;
				"CODE_SIGN_IDENTITY[sdk=iphoneos*]" = "iPhone Developer";
				COPY_PHASE_STRIP = NO;
				DEBUG_INFORMATION_FORMAT = dwarf;
				ENABLE_STRICT_OBJC_MSGSEND = YES;
				ENABLE_TESTABILITY = YES;
				GCC_C_LANGUAGE_STANDARD = gnu99;
				GCC_DYNAMIC_NO_PIC = NO;
				GCC_NO_COMMON_BLOCKS = YES;
				GCC_OPTIMIZATION_LEVEL = 0;
				GCC_PREPROCESSOR_DEFINITIONS = (
					"DEBUG=1",
					"$(inherited)",
				);
				GCC_WARN_64_TO_32_BIT_CONVERSION = YES;
				GCC_WARN_ABOUT_RETURN_TYPE = YES_ERROR;
				GCC_WARN_UNDECLARED_SELECTOR = YES;
				GCC_WARN_UNINITIALIZED_AUTOS = YES_AGGRESSIVE;
				GCC_WARN_UNUSED_FUNCTION = YES;
				GCC_WARN_UNUSED_VARIABLE = YES;
				IPHONEOS_DEPLOYMENT_TARGET = 10.3;
				MTL_ENABLE_DEBUG_INFO = YES;
				ONLY_ACTIVE_ARCH = YES;
				SDKROOT = iphoneos;
				SWIFT_ACTIVE_COMPILATION_CONDITIONS = DEBUG;
				SWIFT_OPTIMIZATION_LEVEL = "-Onone";
			};
			name = Debug;
		};
		01B4520A1EB1DD7100061B56 /* Release */ = {
			isa = XCBuildConfiguration;
			buildSettings = {
				ALWAYS_SEARCH_USER_PATHS = NO;
				CLANG_ANALYZER_NONNULL = YES;
				CLANG_ANALYZER_NUMBER_OBJECT_CONVERSION = YES_AGGRESSIVE;
				CLANG_CXX_LANGUAGE_STANDARD = "gnu++0x";
				CLANG_CXX_LIBRARY = "libc++";
				CLANG_ENABLE_MODULES = YES;
				CLANG_ENABLE_OBJC_ARC = YES;
				CLANG_WARN_BOOL_CONVERSION = YES;
				CLANG_WARN_CONSTANT_CONVERSION = YES;
				CLANG_WARN_DIRECT_OBJC_ISA_USAGE = YES_ERROR;
				CLANG_WARN_DOCUMENTATION_COMMENTS = YES;
				CLANG_WARN_EMPTY_BODY = YES;
				CLANG_WARN_ENUM_CONVERSION = YES;
				CLANG_WARN_INFINITE_RECURSION = YES;
				CLANG_WARN_INT_CONVERSION = YES;
				CLANG_WARN_OBJC_ROOT_CLASS = YES_ERROR;
				CLANG_WARN_SUSPICIOUS_MOVE = YES;
				CLANG_WARN_UNREACHABLE_CODE = YES;
				CLANG_WARN__DUPLICATE_METHOD_MATCH = YES;
				"CODE_SIGN_IDENTITY[sdk=iphoneos*]" = "iPhone Developer";
				COPY_PHASE_STRIP = NO;
				DEBUG_INFORMATION_FORMAT = "dwarf-with-dsym";
				ENABLE_NS_ASSERTIONS = NO;
				ENABLE_STRICT_OBJC_MSGSEND = YES;
				GCC_C_LANGUAGE_STANDARD = gnu99;
				GCC_NO_COMMON_BLOCKS = YES;
				GCC_WARN_64_TO_32_BIT_CONVERSION = YES;
				GCC_WARN_ABOUT_RETURN_TYPE = YES_ERROR;
				GCC_WARN_UNDECLARED_SELECTOR = YES;
				GCC_WARN_UNINITIALIZED_AUTOS = YES_AGGRESSIVE;
				GCC_WARN_UNUSED_FUNCTION = YES;
				GCC_WARN_UNUSED_VARIABLE = YES;
				IPHONEOS_DEPLOYMENT_TARGET = 10.3;
				MTL_ENABLE_DEBUG_INFO = NO;
				SDKROOT = iphoneos;
				SWIFT_OPTIMIZATION_LEVEL = "-Owholemodule";
				VALIDATE_PRODUCT = YES;
			};
			name = Release;
		};
		01B4520C1EB1DD7100061B56 /* Debug */ = {
			isa = XCBuildConfiguration;
			baseConfigurationReference = FB630F67080FAF7FACAF6218 /* Pods-SocialLogin.debug.xcconfig */;
			buildSettings = {
				ASSETCATALOG_COMPILER_APPICON_NAME = AppIcon;
				DEVELOPMENT_TEAM = 37V52RJ6S5;
				INFOPLIST_FILE = SocialLogin/Info.plist;
				LD_RUNPATH_SEARCH_PATHS = "$(inherited) @executable_path/Frameworks";
				PRODUCT_BUNDLE_IDENTIFIER = com.bertugyilmaz.SocialLogins;
				PRODUCT_NAME = "$(TARGET_NAME)";
				SWIFT_VERSION = 3.0;
			};
			name = Debug;
		};
		01B4520D1EB1DD7100061B56 /* Release */ = {
			isa = XCBuildConfiguration;
			baseConfigurationReference = F3966DCAFD8BC3EBBD95ABA1 /* Pods-SocialLogin.release.xcconfig */;
			buildSettings = {
				ASSETCATALOG_COMPILER_APPICON_NAME = AppIcon;
				DEVELOPMENT_TEAM = 37V52RJ6S5;
				INFOPLIST_FILE = SocialLogin/Info.plist;
				LD_RUNPATH_SEARCH_PATHS = "$(inherited) @executable_path/Frameworks";
				PRODUCT_BUNDLE_IDENTIFIER = com.bertugyilmaz.SocialLogins;
				PRODUCT_NAME = "$(TARGET_NAME)";
				SWIFT_VERSION = 3.0;
			};
			name = Release;
		};
/* End XCBuildConfiguration section */

/* Begin XCConfigurationList section */
		01B451F41EB1DD7100061B56 /* Build configuration list for PBXProject "SocialLogin" */ = {
			isa = XCConfigurationList;
			buildConfigurations = (
				01B452091EB1DD7100061B56 /* Debug */,
				01B4520A1EB1DD7100061B56 /* Release */,
			);
			defaultConfigurationIsVisible = 0;
			defaultConfigurationName = Release;
		};
		01B4520B1EB1DD7100061B56 /* Build configuration list for PBXNativeTarget "SocialLogin" */ = {
			isa = XCConfigurationList;
			buildConfigurations = (
				01B4520C1EB1DD7100061B56 /* Debug */,
				01B4520D1EB1DD7100061B56 /* Release */,
			);
			defaultConfigurationIsVisible = 0;
			defaultConfigurationName = Release;
		};
/* End XCConfigurationList section */
	};
	rootObject = 01B451F11EB1DD7100061B56 /* Project object */;
}
